
Microsoft Visual Studio Solution File, Format Version 12.00
# Visual Studio Version 17
VisualStudioVersion = 17.3.32929.385
MinimumVisualStudioVersion = 10.0.40219.1
Project("{FAE04EC0-301F-11D3-BF4B-00C04F79EFBC}") = "Models", "Models\Models.csproj", "{CAA4D2A1-5790-4555-917B-D8C09FBA3359}"
EndProject
Project("{FAE04EC0-301F-11D3-BF4B-00C04F79EFBC}") = "DAL", "DAL\DAL.csproj", "{070B8C1F-CB5A-423A-9B59-8F4F6CDEF465}"
EndProject
Project("{FAE04EC0-301F-11D3-BF4B-00C04F79EFBC}") = "BLL", "BLL\BLL.csproj", "{8348A523-CC1C-483F-9886-F7674DA5397E}"
EndProject
Project("{FAE04EC0-301F-11D3-BF4B-00C04F79EFBC}") = "UIWinFormsApp", "UIWinFormsApp\UIWinFormsApp.csproj", "{103F83D9-D3F9-42B8-8F02-7CE90E2CA7E0}"
EndProject
Global
	GlobalSection(SolutionConfigurationPlatforms) = preSolution
		Debug|Any CPU = Debug|Any CPU
		Release|Any CPU = Release|Any CPU
	EndGlobalSection
	GlobalSection(ProjectConfigurationPlatforms) = postSolution
		{CAA4D2A1-5790-4555-917B-D8C09FBA3359}.Debug|Any CPU.ActiveCfg = Debug|Any CPU
		{CAA4D2A1-5790-4555-917B-D8C09FBA3359}.Debug|Any CPU.Build.0 = Debug|Any CPU
		{CAA4D2A1-5790-4555-917B-D8C09FBA3359}.Release|Any CPU.ActiveCfg = Release|Any CPU
		{CAA4D2A1-5790-4555-917B-D8C09FBA3359}.Release|Any CPU.Build.0 = Release|Any CPU
		{070B8C1F-CB5A-423A-9B59-8F4F6CDEF465}.Debug|Any CPU.ActiveCfg = Debug|Any CPU
		{070B8C1F-CB5A-423A-9B59-8F4F6CDEF465}.Debug|Any CPU.Build.0 = Debug|Any CPU
		{070B8C1F-CB5A-423A-9B59-8F4F6CDEF465}.Release|Any CPU.ActiveCfg = Release|Any CPU
		{070B8C1F-CB5A-423A-9B59-8F4F6CDEF465}.Release|Any CPU.Build.0 = Release|Any CPU
		{8348A523-CC1C-483F-9886-F7674DA5397E}.Debug|Any CPU.ActiveCfg = Debug|Any CPU
		{8348A523-CC1C-483F-9886-F7674DA5397E}.Debug|Any CPU.Build.0 = Debug|Any CPU
		{8348A523-CC1C-483F-9886-F7674DA5397E}.Release|Any CPU.ActiveCfg = Release|Any CPU
		{8348A523-CC1C-483F-9886-F7674DA5397E}.Release|Any CPU.Build.0 = Release|Any CPU
		{103F83D9-D3F9-42B8-8F02-7CE90E2CA7E0}.Debug|Any CPU.ActiveCfg = Debug|Any CPU
		{103F83D9-D3F9-42B8-8F02-7CE90E2CA7E0}.Debug|Any CPU.Build.0 = Debug|Any CPU
		{103F83D9-D3F9-42B8-8F02-7CE90E2CA7E0}.Release|Any CPU.ActiveCfg = Release|Any CPU
		{103F83D9-D3F9-42B8-8F02-7CE90E2CA7E0}.Release|Any CPU.Build.0 = Release|Any CPU
	EndGlobalSection
	GlobalSection(SolutionProperties) = preSolution
		HideSolutionNode = FALSE
	EndGlobalSection
	GlobalSection(ExtensibilityGlobals) = postSolution
		SolutionGuid = {D53F7BF6-ADD8-4C69-8A4C-CC93E898E6E3}
	EndGlobalSection
EndGlobal
